// !$*UTF8*$!
{
	archiveVersion = 1;
	classes = {
	};
	objectVersion = 56;
	objects = {

/* Begin PBXBuildFile section */
		1A1A1A1A1A1A1A1A1A1A1A1A /* AIDreamApp.swift in Sources */ = {isa = PBXBuildFile; fileRef = 1A1A1A1A1A1A1A1A1A1A1A1B /* AIDreamApp.swift */; };
		1A1A1A1A1A1A1A1A1A1A1A1C /* ContentView.swift in Sources */ = {isa = PBXBuildFile; fileRef = 1A1A1A1A1A1A1A1A1A1A1A1D /* ContentView.swift */; };
		9B12CEA92DEA58CE00DBB816 /* ChatView 2.swift in Sources */ = {isa = PBXBuildFile; fileRef = 9B12CEA82DEA58CD00DBB816 /* ChatView 2.swift */; };
		9B12CEAD2DEA593E00DBB816 /* ChatViewModel.swift in Sources */ = {isa = PBXBuildFile; fileRef = 9B12CEAC2DEA593E00DBB816 /* ChatViewModel.swift */; };
		9B12CEAF2DEA5A3100DBB816 /* Message.swift in Sources */ = {isa = PBXBuildFile; fileRef = 9B12CEAE2DEA5A3100DBB816 /* Message.swift */; };
		9B12CEB52DEA5AC000DBB816 /* AppSettings.swift in Sources */ = {isa = PBXBuildFile; fileRef = 9B12CEB02DEA5AC000DBB816 /* AppSettings.swift */; };
		9B12CEB62DEA5AC000DBB816 /* Constants.swift in Sources */ = {isa = PBXBuildFile; fileRef = 9B12CEB12DEA5AC000DBB816 /* Constants.swift */; };
		9B12CEB72DEA5AC000DBB816 /* Localization.swift in Sources */ = {isa = PBXBuildFile; fileRef = 9B12CEB22DEA5AC000DBB816 /* Localization.swift */; };
		9B12CEB82DEA5AC000DBB816 /* Utilities.swift in Sources */ = {isa = PBXBuildFile; fileRef = 9B12CEB32DEA5AC000DBB816 /* Utilities.swift */; };
		9B12CEBE2DEA610300DBB816 /* Info 2.plist in Resources */ = {isa = PBXBuildFile; fileRef = 9B12CEBD2DEA610300DBB816 /* Info 2.plist */; };
		9B12CEC02DEA626700DBB816 /* StringArrayTransformer.swift in Sources */ = {isa = PBXBuildFile; fileRef = 9B12CEBF2DEA626700DBB816 /* StringArrayTransformer.swift */; };
		9B12CEC22DEB073600DBB816 /* SubscriptionView.swift in Sources */ = {isa = PBXBuildFile; fileRef = 9B12CEC12DEB073600DBB816 /* SubscriptionView.swift */; };
		9B12CEC42DEB07C900DBB816 /* DreamStoreKit.storekit in Resources */ = {isa = PBXBuildFile; fileRef = 9B12CEC32DEB07C900DBB816 /* DreamStoreKit.storekit */; };
		9B1445CF2DE7351F00AFEE4F /* DreamEx.swift in Sources */ = {isa = PBXBuildFile; fileRef = 9B1445CE2DE7351F00AFEE4F /* DreamEx.swift */; };
		9B1445D22DE7383E00AFEE4F /* DreamDetailView.swift in Sources */ = {isa = PBXBuildFile; fileRef = 9B1445D12DE7383E00AFEE4F /* DreamDetailView.swift */; };
		9B1445D52DE7384A00AFEE4F /* AuthView.swift in Sources */ = {isa = PBXBuildFile; fileRef = 9B1445D42DE7384A00AFEE4F /* AuthView.swift */; };
		9B3C54C02DEB23DA00D20A6E /* OnboardingView.swift in Sources */ = {isa = PBXBuildFile; fileRef = 9B3C54BF2DEB23D900D20A6E /* OnboardingView.swift */; };
		9B3C54C22DEB243A00D20A6E /* UserProfile.swift in Sources */ = {isa = PBXBuildFile; fileRef = 9B3C54C12DEB243A00D20A6E /* UserProfile.swift */; };
		9B3C54C62DEB40DC00D20A6E /* AuthView 2.swift in Sources */ = {isa = PBXBuildFile; fileRef = 9B3C54C52DEB40DC00D20A6E /* AuthView 2.swift */; };
		9B3C54C82DEB480500D20A6E /* DreamListView.swift in Sources */ = {isa = PBXBuildFile; fileRef = 9B3C54C72DEB480500D20A6E /* DreamListView.swift */; };
		9B3C54CA2DEBA0B500D20A6E /* DreamInterpretation1.swift in Sources */ = {isa = PBXBuildFile; fileRef = 9B3C54C92DEBA0B500D20A6E /* DreamInterpretation1.swift */; };
		9B40856F2DEF2637006CE9F2 /* DreamInterpretation.swift in Sources */ = {isa = PBXBuildFile; fileRef = 9B40856E2DEF2637006CE9F2 /* DreamInterpretation.swift */; };
		9B4085712DEF3ED0006CE9F2 /* ProfileView.swift in Sources */ = {isa = PBXBuildFile; fileRef = 9B4085702DEF3ED0006CE9F2 /* ProfileView.swift */; };
		9B4085752DEF8E25006CE9F2 /* FaceIDToggle.swift in Sources */ = {isa = PBXBuildFile; fileRef = 9B4085742DEF8E25006CE9F2 /* FaceIDToggle.swift */; };
		9B4085782DEFACCD006CE9F2 /* GoogleSignIn in Frameworks */ = {isa = PBXBuildFile; productRef = 9B4085772DEFACCD006CE9F2 /* GoogleSignIn */; };
		9B40857A2DEFACCD006CE9F2 /* GoogleSignInSwift in Frameworks */ = {isa = PBXBuildFile; productRef = 9B4085792DEFACCD006CE9F2 /* GoogleSignInSwift */; };
		9B5A93782DE678B400B3DA7A /* PersistenceController.swift in Sources */ = {isa = PBXBuildFile; fileRef = 9B5A93592DE6789A00B3DA7A /* PersistenceController.swift */; };
		9B5A93792DE678BB00B3DA7A /* AIDream.xcdatamodeld in Sources */ = {isa = PBXBuildFile; fileRef = 9B5A935B2DE6789A00B3DA7A /* AIDream.xcdatamodeld */; };
		9B5A937A2DE678C000B3DA7A /* Preview Assets.xcassets in Resources */ = {isa = PBXBuildFile; fileRef = 9B5A935D2DE6789A00B3DA7A /* Preview Assets.xcassets */; };
		9B5A937B2DE678C600B3DA7A /* OpenAIService.swift in Sources */ = {isa = PBXBuildFile; fileRef = 9B5A935F2DE6789A00B3DA7A /* OpenAIService.swift */; };
		9B5A937C2DE678C600B3DA7A /* SuperwallService.swift in Sources */ = {isa = PBXBuildFile; fileRef = 9B5A93622DE6789A00B3DA7A /* SuperwallService.swift */; };
		9B5A937D2DE678C600B3DA7A /* SubscriptionManager.swift in Sources */ = {isa = PBXBuildFile; fileRef = 9B5A93602DE6789A00B3DA7A /* SubscriptionManager.swift */; };
		9B5A937E2DE678C600B3DA7A /* SupabaseService.swift in Sources */ = {isa = PBXBuildFile; fileRef = 9B5A93612DE6789A00B3DA7A /* SupabaseService.swift */; };
		9B5A937F2DE678CB00B3DA7A /* Colors.swift in Sources */ = {isa = PBXBuildFile; fileRef = 9B5A93642DE6789A00B3DA7A /* Colors.swift */; };
		9B5A93802DE678D500B3DA7A /* DreamListViewModel.swift in Sources */ = {isa = PBXBuildFile; fileRef = 9B5A93672DE6789A00B3DA7A /* DreamListViewModel.swift */; };
		9B5A93812DE678D500B3DA7A /* DreamCreationViewModel.swift in Sources */ = {isa = PBXBuildFile; fileRef = 9B5A93662DE6789A00B3DA7A /* DreamCreationViewModel.swift */; };
		9B5A93822DE678DA00B3DA7A /* DreamCard.swift in Sources */ = {isa = PBXBuildFile; fileRef = 9B5A93692DE6789A00B3DA7A /* DreamCard.swift */; };
		9B5A93832DE678E100B3DA7A /* SettingsView.swift in Sources */ = {isa = PBXBuildFile; fileRef = 9B5A93702DE6789A00B3DA7A /* SettingsView.swift */; };
		9B5A93842DE678E100B3DA7A /* AIDreamApp.swift in Sources */ = {isa = PBXBuildFile; fileRef = 9B5A93722DE6789A00B3DA7A /* AIDreamApp.swift */; };
		9B5A93852DE678E100B3DA7A /* DreamInterpretationView.swift in Sources */ = {isa = PBXBuildFile; fileRef = 9B5A936E2DE6789A00B3DA7A /* DreamInterpretationView.swift */; };
		9B5A93862DE678E100B3DA7A /* DreamCreationView.swift in Sources */ = {isa = PBXBuildFile; fileRef = 9B5A936D2DE6789A00B3DA7A /* DreamCreationView.swift */; };
		9B5A93872DE678E100B3DA7A /* CommonModifiers.swift in Sources */ = {isa = PBXBuildFile; fileRef = 9B5A936B2DE6789A00B3DA7A /* CommonModifiers.swift */; };
		9B5A93892DE678E600B3DA7A /* Assets.xcassets in Resources */ = {isa = PBXBuildFile; fileRef = 9B5A93732DE6789A00B3DA7A /* Assets.xcassets */; };
		9B5A938A2DE678E600B3DA7A /* ContentView.swift in Sources */ = {isa = PBXBuildFile; fileRef = 9B5A93742DE6789A00B3DA7A /* ContentView.swift */; };
		9B5A938B2DE678E600B3DA7A /* Persistence.swift in Sources */ = {isa = PBXBuildFile; fileRef = 9B5A93752DE6789A00B3DA7A /* Persistence.swift */; };
		9B5A938D2DE67D5B00B3DA7A /* SuperwallKit in Frameworks */ = {isa = PBXBuildFile; productRef = 9B5A938C2DE67D5B00B3DA7A /* SuperwallKit */; };
		9B5A93902DE67D9400B3DA7A /* SuperwallKit in Frameworks */ = {isa = PBXBuildFile; productRef = 9B5A938F2DE67D9400B3DA7A /* SuperwallKit */; };
		9B5A93932DE67E2A00B3DA7A /* Auth in Frameworks */ = {isa = PBXBuildFile; productRef = 9B5A93922DE67E2A00B3DA7A /* Auth */; };
		9B5A93952DE67E2A00B3DA7A /* Functions in Frameworks */ = {isa = PBXBuildFile; productRef = 9B5A93942DE67E2A00B3DA7A /* Functions */; };
		9B5A93972DE67E2A00B3DA7A /* PostgREST in Frameworks */ = {isa = PBXBuildFile; productRef = 9B5A93962DE67E2A00B3DA7A /* PostgREST */; };
		9B5A93992DE67E2A00B3DA7A /* Realtime in Frameworks */ = {isa = PBXBuildFile; productRef = 9B5A93982DE67E2A00B3DA7A /* Realtime */; };
		9B5A939B2DE67E2A00B3DA7A /* Storage in Frameworks */ = {isa = PBXBuildFile; productRef = 9B5A939A2DE67E2A00B3DA7A /* Storage */; };
		9B5A939E2DE67F0000B3DA7A /* Supabase in Frameworks */ = {isa = PBXBuildFile; productRef = 9B5A939D2DE67F0000B3DA7A /* Supabase */; };
/* End PBXBuildFile section */

/* Begin PBXFileReference section */
		1A1A1A1A1A1A1A1A1A1A1A1B /* AIDreamApp.swift */ = {isa = PBXFileReference; lastKnownFileType = sourcecode.swift; path = AIDreamApp.swift; sourceTree = "<group>"; };
		1A1A1A1A1A1A1A1A1A1A1A1D /* ContentView.swift */ = {isa = PBXFileReference; lastKnownFileType = sourcecode.swift; path = ContentView.swift; sourceTree = "<group>"; };
		1A1A1A1A1A1A1A1A1A1A1A1E /* AIDream.app */ = {isa = PBXFileReference; explicitFileType = wrapper.application; includeInIndex = 0; path = AIDream.app; sourceTree = BUILT_PRODUCTS_DIR; };
		9B12CEA82DEA58CD00DBB816 /* ChatView 2.swift */ = {isa = PBXFileReference; lastKnownFileType = sourcecode.swift; path = "ChatView 2.swift"; sourceTree = "<group>"; };
		9B12CEAC2DEA593E00DBB816 /* ChatViewModel.swift */ = {isa = PBXFileReference; lastKnownFileType = sourcecode.swift; path = ChatViewModel.swift; sourceTree = "<group>"; };
		9B12CEAE2DEA5A3100DBB816 /* Message.swift */ = {isa = PBXFileReference; lastKnownFileType = sourcecode.swift; path = Message.swift; sourceTree = "<group>"; };
		9B12CEB02DEA5AC000DBB816 /* AppSettings.swift */ = {isa = PBXFileReference; lastKnownFileType = sourcecode.swift; path = AppSettings.swift; sourceTree = "<group>"; };
		9B12CEB12DEA5AC000DBB816 /* Constants.swift */ = {isa = PBXFileReference; lastKnownFileType = sourcecode.swift; path = Constants.swift; sourceTree = "<group>"; };
		9B12CEB22DEA5AC000DBB816 /* Localization.swift */ = {isa = PBXFileReference; lastKnownFileType = sourcecode.swift; path = Localization.swift; sourceTree = "<group>"; };
		9B12CEB32DEA5AC000DBB816 /* Utilities.swift */ = {isa = PBXFileReference; lastKnownFileType = sourcecode.swift; path = Utilities.swift; sourceTree = "<group>"; };
		9B12CEBD2DEA610300DBB816 /* Info 2.plist */ = {isa = PBXFileReference; lastKnownFileType = text.plist.xml; path = "Info 2.plist"; sourceTree = "<group>"; };
		9B12CEBF2DEA626700DBB816 /* StringArrayTransformer.swift */ = {isa = PBXFileReference; lastKnownFileType = sourcecode.swift; path = StringArrayTransformer.swift; sourceTree = "<group>"; };
		9B12CEC12DEB073600DBB816 /* SubscriptionView.swift */ = {isa = PBXFileReference; lastKnownFileType = sourcecode.swift; path = SubscriptionView.swift; sourceTree = "<group>"; };
		9B12CEC32DEB07C900DBB816 /* DreamStoreKit.storekit */ = {isa = PBXFileReference; lastKnownFileType = text; path = DreamStoreKit.storekit; sourceTree = "<group>"; };
		9B1445CE2DE7351F00AFEE4F /* DreamEx.swift */ = {isa = PBXFileReference; lastKnownFileType = sourcecode.swift; path = DreamEx.swift; sourceTree = "<group>"; };
		9B1445D12DE7383E00AFEE4F /* DreamDetailView.swift */ = {isa = PBXFileReference; lastKnownFileType = sourcecode.swift; path = DreamDetailView.swift; sourceTree = "<group>"; };
		9B1445D42DE7384A00AFEE4F /* AuthView.swift */ = {isa = PBXFileReference; lastKnownFileType = sourcecode.swift; path = AuthView.swift; sourceTree = "<group>"; };
		9B3C54BF2DEB23D900D20A6E /* OnboardingView.swift */ = {isa = PBXFileReference; lastKnownFileType = sourcecode.swift; path = OnboardingView.swift; sourceTree = "<group>"; };
		9B3C54C12DEB243A00D20A6E /* UserProfile.swift */ = {isa = PBXFileReference; lastKnownFileType = sourcecode.swift; path = UserProfile.swift; sourceTree = "<group>"; };
		9B3C54C52DEB40DC00D20A6E /* AuthView 2.swift */ = {isa = PBXFileReference; lastKnownFileType = sourcecode.swift; path = "AuthView 2.swift"; sourceTree = "<group>"; };
		9B3C54C72DEB480500D20A6E /* DreamListView.swift */ = {isa = PBXFileReference; lastKnownFileType = sourcecode.swift; path = DreamListView.swift; sourceTree = "<group>"; };
		9B3C54C92DEBA0B500D20A6E /* DreamInterpretation1.swift */ = {isa = PBXFileReference; lastKnownFileType = sourcecode.swift; path = DreamInterpretation1.swift; sourceTree = "<group>"; };
		9B40856E2DEF2637006CE9F2 /* DreamInterpretation.swift */ = {isa = PBXFileReference; lastKnownFileType = sourcecode.swift; path = DreamInterpretation.swift; sourceTree = "<group>"; };
		9B4085702DEF3ED0006CE9F2 /* ProfileView.swift */ = {isa = PBXFileReference; lastKnownFileType = sourcecode.swift; path = ProfileView.swift; sourceTree = "<group>"; };
		9B4085742DEF8E25006CE9F2 /* FaceIDToggle.swift */ = {isa = PBXFileReference; lastKnownFileType = sourcecode.swift; path = FaceIDToggle.swift; sourceTree = "<group>"; };
		9B5A93592DE6789A00B3DA7A /* PersistenceController.swift */ = {isa = PBXFileReference; lastKnownFileType = sourcecode.swift; path = PersistenceController.swift; sourceTree = "<group>"; };
		9B5A935D2DE6789A00B3DA7A /* Preview Assets.xcassets */ = {isa = PBXFileReference; lastKnownFileType = folder.assetcatalog; path = "Preview Assets.xcassets"; sourceTree = "<group>"; };
		9B5A935F2DE6789A00B3DA7A /* OpenAIService.swift */ = {isa = PBXFileReference; lastKnownFileType = sourcecode.swift; path = OpenAIService.swift; sourceTree = "<group>"; };
		9B5A93602DE6789A00B3DA7A /* SubscriptionManager.swift */ = {isa = PBXFileReference; lastKnownFileType = sourcecode.swift; path = SubscriptionManager.swift; sourceTree = "<group>"; };
		9B5A93612DE6789A00B3DA7A /* SupabaseService.swift */ = {isa = PBXFileReference; lastKnownFileType = sourcecode.swift; path = SupabaseService.swift; sourceTree = "<group>"; };
		9B5A93622DE6789A00B3DA7A /* SuperwallService.swift */ = {isa = PBXFileReference; lastKnownFileType = sourcecode.swift; path = SuperwallService.swift; sourceTree = "<group>"; };
		9B5A93642DE6789A00B3DA7A /* Colors.swift */ = {isa = PBXFileReference; lastKnownFileType = sourcecode.swift; path = Colors.swift; sourceTree = "<group>"; };
		9B5A93662DE6789A00B3DA7A /* DreamCreationViewModel.swift */ = {isa = PBXFileReference; lastKnownFileType = sourcecode.swift; path = DreamCreationViewModel.swift; sourceTree = "<group>"; };
		9B5A93672DE6789A00B3DA7A /* DreamListViewModel.swift */ = {isa = PBXFileReference; lastKnownFileType = sourcecode.swift; path = DreamListViewModel.swift; sourceTree = "<group>"; };
		9B5A93692DE6789A00B3DA7A /* DreamCard.swift */ = {isa = PBXFileReference; lastKnownFileType = sourcecode.swift; path = DreamCard.swift; sourceTree = "<group>"; };
		9B5A936B2DE6789A00B3DA7A /* CommonModifiers.swift */ = {isa = PBXFileReference; lastKnownFileType = sourcecode.swift; path = CommonModifiers.swift; sourceTree = "<group>"; };
		9B5A936D2DE6789A00B3DA7A /* DreamCreationView.swift */ = {isa = PBXFileReference; lastKnownFileType = sourcecode.swift; path = DreamCreationView.swift; sourceTree = "<group>"; };
		9B5A936E2DE6789A00B3DA7A /* DreamInterpretationView.swift */ = {isa = PBXFileReference; lastKnownFileType = sourcecode.swift; path = DreamInterpretationView.swift; sourceTree = "<group>"; };
		9B5A93702DE6789A00B3DA7A /* SettingsView.swift */ = {isa = PBXFileReference; lastKnownFileType = sourcecode.swift; path = SettingsView.swift; sourceTree = "<group>"; };
		9B5A93722DE6789A00B3DA7A /* AIDreamApp.swift */ = {isa = PBXFileReference; lastKnownFileType = sourcecode.swift; path = AIDreamApp.swift; sourceTree = "<group>"; };
		9B5A93732DE6789A00B3DA7A /* Assets.xcassets */ = {isa = PBXFileReference; lastKnownFileType = folder.assetcatalog; path = Assets.xcassets; sourceTree = "<group>"; };
		9B5A93742DE6789A00B3DA7A /* ContentView.swift */ = {isa = PBXFileReference; lastKnownFileType = sourcecode.swift; path = ContentView.swift; sourceTree = "<group>"; };
		9B5A93752DE6789A00B3DA7A /* Persistence.swift */ = {isa = PBXFileReference; lastKnownFileType = sourcecode.swift; path = Persistence.swift; sourceTree = "<group>"; };
		9B5A93772DE6789A00B3DA7A /* AIDream.xcdatamodel */ = {isa = PBXFileReference; lastKnownFileType = wrapper.xcdatamodel; path = AIDream.xcdatamodel; sourceTree = "<group>"; };
/* End PBXFileReference section */

/* Begin PBXFrameworksBuildPhase section */
		1A1A1A1A1A1A1A1A1A1A1A1F /* Frameworks */ = {
			isa = PBXFrameworksBuildPhase;
			buildActionMask = 2147483647;
			files = (
				9B5A938D2DE67D5B00B3DA7A /* SuperwallKit in Frameworks */,
				9B5A93902DE67D9400B3DA7A /* SuperwallKit in Frameworks */,
				9B5A939B2DE67E2A00B3DA7A /* Storage in Frameworks */,
				9B5A93952DE67E2A00B3DA7A /* Functions in Frameworks */,
				9B5A939E2DE67F0000B3DA7A /* Supabase in Frameworks */,
				9B40857A2DEFACCD006CE9F2 /* GoogleSignInSwift in Frameworks */,
				9B5A93992DE67E2A00B3DA7A /* Realtime in Frameworks */,
				9B5A93932DE67E2A00B3DA7A /* Auth in Frameworks */,
				9B5A93972DE67E2A00B3DA7A /* PostgREST in Frameworks */,
				9B4085782DEFACCD006CE9F2 /* GoogleSignIn in Frameworks */,
			);
			runOnlyForDeploymentPostprocessing = 0;
		};
/* End PBXFrameworksBuildPhase section */

/* Begin PBXGroup section */
		1A1A1A1A1A1A1A1A1A1A1A20 = {
			isa = PBXGroup;
			children = (
				9B3C54C92DEBA0B500D20A6E /* DreamInterpretation1.swift */,
				9B3C54C72DEB480500D20A6E /* DreamListView.swift */,
				9B12CEC12DEB073600DBB816 /* SubscriptionView.swift */,
				9B12CEBF2DEA626700DBB816 /* StringArrayTransformer.swift */,
				9B12CEC32DEB07C900DBB816 /* DreamStoreKit.storekit */,
				9B12CEBD2DEA610300DBB816 /* Info 2.plist */,
				9B12CEAE2DEA5A3100DBB816 /* Message.swift */,
				9B1445D42DE7384A00AFEE4F /* AuthView.swift */,
				9B3C54C52DEB40DC00D20A6E /* AuthView 2.swift */,
				9B1445D12DE7383E00AFEE4F /* DreamDetailView.swift */,
				9B5A93762DE6789A00B3DA7A /* AIDream */,
				1A1A1A1A1A1A1A1A1A1A1A21 /* AIDream */,
				9B5A939C2DE67F0000B3DA7A /* Frameworks */,
				1A1A1A1A1A1A1A1A1A1A1A22 /* Products */,
			);
			sourceTree = "<group>";
		};
		1A1A1A1A1A1A1A1A1A1A1A21 /* AIDream */ = {
			isa = PBXGroup;
			children = (
				1A1A1A1A1A1A1A1A1A1A1A1B /* AIDreamApp.swift */,
				1A1A1A1A1A1A1A1A1A1A1A1D /* ContentView.swift */,
			);
			path = AIDream;
			sourceTree = "<group>";
		};
		1A1A1A1A1A1A1A1A1A1A1A22 /* Products */ = {
			isa = PBXGroup;
			children = (
				1A1A1A1A1A1A1A1A1A1A1A1E /* AIDream.app */,
			);
			name = Products;
			sourceTree = "<group>";
		};
		9B12CEB42DEA5AC000DBB816 /* Utils 2 */ = {
			isa = PBXGroup;
			children = (
				9B12CEB02DEA5AC000DBB816 /* AppSettings.swift */,
				9B12CEB12DEA5AC000DBB816 /* Constants.swift */,
				9B12CEB22DEA5AC000DBB816 /* Localization.swift */,
				9B4085742DEF8E25006CE9F2 /* FaceIDToggle.swift */,
				9B12CEB32DEA5AC000DBB816 /* Utilities.swift */,
			);
			path = "Utils 2";
			sourceTree = "<group>";
		};
		9B5A935A2DE6789A00B3DA7A /* Core */ = {
			isa = PBXGroup;
			children = (
				9B5A93592DE6789A00B3DA7A /* PersistenceController.swift */,
				9B3C54C12DEB243A00D20A6E /* UserProfile.swift */,
			);
			path = Core;
			sourceTree = "<group>";
		};
		9B5A935C2DE6789A00B3DA7A /* Models */ = {
			isa = PBXGroup;
			children = (
				9B40856E2DEF2637006CE9F2 /* DreamInterpretation.swift */,
				9B5A935B2DE6789A00B3DA7A /* AIDream.xcdatamodeld */,
			);
			path = Models;
			sourceTree = "<group>";
		};
		9B5A935E2DE6789A00B3DA7A /* Preview Content */ = {
			isa = PBXGroup;
			children = (
				9B5A935D2DE6789A00B3DA7A /* Preview Assets.xcassets */,
			);
			path = "Preview Content";
			sourceTree = "<group>";
		};
		9B5A93632DE6789A00B3DA7A /* Services */ = {
			isa = PBXGroup;
			children = (
				9B5A935F2DE6789A00B3DA7A /* OpenAIService.swift */,
				9B1445CE2DE7351F00AFEE4F /* DreamEx.swift */,
				9B5A93602DE6789A00B3DA7A /* SubscriptionManager.swift */,
				9B5A93612DE6789A00B3DA7A /* SupabaseService.swift */,
				9B5A93622DE6789A00B3DA7A /* SuperwallService.swift */,
			);
			path = Services;
			sourceTree = "<group>";
		};
		9B5A93652DE6789A00B3DA7A /* Theme */ = {
			isa = PBXGroup;
			children = (
				9B5A93642DE6789A00B3DA7A /* Colors.swift */,
			);
			path = Theme;
			sourceTree = "<group>";
		};
		9B5A93682DE6789A00B3DA7A /* ViewModels */ = {
			isa = PBXGroup;
			children = (
				9B5A93662DE6789A00B3DA7A /* DreamCreationViewModel.swift */,
				9B5A93672DE6789A00B3DA7A /* DreamListViewModel.swift */,
				9B12CEAC2DEA593E00DBB816 /* ChatViewModel.swift */,
			);
			path = ViewModels;
			sourceTree = "<group>";
		};
		9B5A936A2DE6789A00B3DA7A /* Components */ = {
			isa = PBXGroup;
			children = (
				9B5A93692DE6789A00B3DA7A /* DreamCard.swift */,
			);
			path = Components;
			sourceTree = "<group>";
		};
		9B5A936C2DE6789A00B3DA7A /* Modifiers */ = {
			isa = PBXGroup;
			children = (
				9B5A936B2DE6789A00B3DA7A /* CommonModifiers.swift */,
			);
			path = Modifiers;
			sourceTree = "<group>";
		};
		9B5A93712DE6789A00B3DA7A /* Views */ = {
			isa = PBXGroup;
			children = (
				9B5A936A2DE6789A00B3DA7A /* Components */,
				9B5A936C2DE6789A00B3DA7A /* Modifiers */,
				9B5A936D2DE6789A00B3DA7A /* DreamCreationView.swift */,
				9B12CEA82DEA58CD00DBB816 /* ChatView 2.swift */,
				9B5A936E2DE6789A00B3DA7A /* DreamInterpretationView.swift */,
				9B3C54BF2DEB23D900D20A6E /* OnboardingView.swift */,
				9B5A93702DE6789A00B3DA7A /* SettingsView.swift */,
				9B4085702DEF3ED0006CE9F2 /* ProfileView.swift */,
			);
			path = Views;
			sourceTree = "<group>";
		};
		9B5A93762DE6789A00B3DA7A /* AIDream */ = {
			isa = PBXGroup;
			children = (
				9B12CEB42DEA5AC000DBB816 /* Utils 2 */,
				9B5A935A2DE6789A00B3DA7A /* Core */,
				9B5A935C2DE6789A00B3DA7A /* Models */,
				9B5A935E2DE6789A00B3DA7A /* Preview Content */,
				9B5A93632DE6789A00B3DA7A /* Services */,
				9B5A93652DE6789A00B3DA7A /* Theme */,
				9B5A93682DE6789A00B3DA7A /* ViewModels */,
				9B5A93712DE6789A00B3DA7A /* Views */,
				9B5A93722DE6789A00B3DA7A /* AIDreamApp.swift */,
				9B5A93732DE6789A00B3DA7A /* Assets.xcassets */,
				9B5A93742DE6789A00B3DA7A /* ContentView.swift */,
				9B5A93752DE6789A00B3DA7A /* Persistence.swift */,
			);
			path = AIDream;
			sourceTree = "<group>";
		};
		9B5A939C2DE67F0000B3DA7A /* Frameworks */ = {
			isa = PBXGroup;
			children = (
			);
			name = Frameworks;
			sourceTree = "<group>";
		};
/* End PBXGroup section */

/* Begin PBXNativeTarget section */
		1A1A1A1A1A1A1A1A1A1A1A23 /* AIDream */ = {
			isa = PBXNativeTarget;
			buildConfigurationList = 1A1A1A1A1A1A1A1A1A1A1A24 /* Build configuration list for PBXNativeTarget "AIDream" */;
			buildPhases = (
				1A1A1A1A1A1A1A1A1A1A1A25 /* Sources */,
				1A1A1A1A1A1A1A1A1A1A1A1F /* Frameworks */,
				1A1A1A1A1A1A1A1A1A1A1A26 /* Resources */,
			);
			buildRules = (
			);
			dependencies = (
			);
			name = AIDream;
			productName = AIDream;
			productReference = 1A1A1A1A1A1A1A1A1A1A1A1E /* AIDream.app */;
			productType = "com.apple.product-type.application";
		};
/* End PBXNativeTarget section */

/* Begin PBXProject section */
		1A1A1A1A1A1A1A1A1A1A1A27 /* Project object */ = {
			isa = PBXProject;
			attributes = {
				BuildIndependentTargetsInParallel = 1;
				LastSwiftUpdateCheck = 1500;
				LastUpgradeCheck = 1500;
				TargetAttributes = {
					1A1A1A1A1A1A1A1A1A1A1A23 = {
						CreatedOnToolsVersion = 15.0;
					};
				};
			};
			buildConfigurationList = 1A1A1A1A1A1A1A1A1A1A1A28 /* Build configuration list for PBXProject "AIDream" */;
			compatibilityVersion = "Xcode 14.0";
			developmentRegion = en;
			hasScannedForEncodings = 0;
			knownRegions = (
				en,
				Base,
			);
			mainGroup = 1A1A1A1A1A1A1A1A1A1A1A20;
			packageReferences = (
				9B5A938E2DE67D9400B3DA7A /* XCRemoteSwiftPackageReference "Superwall-iOS" */,
				9B5A93912DE67E2A00B3DA7A /* XCRemoteSwiftPackageReference "supabase-swift" */,
				9B4085762DEFACCD006CE9F2 /* XCRemoteSwiftPackageReference "GoogleSignIn-iOS" */,
			);
			productRefGroup = 1A1A1A1A1A1A1A1A1A1A1A22 /* Products */;
			projectDirPath = "";
			projectRoot = "";
			targets = (
				1A1A1A1A1A1A1A1A1A1A1A23 /* AIDream */,
			);
		};
/* End PBXProject section */

/* Begin PBXResourcesBuildPhase section */
		1A1A1A1A1A1A1A1A1A1A1A26 /* Resources */ = {
			isa = PBXResourcesBuildPhase;
			buildActionMask = 2147483647;
			files = (
				9B5A93892DE678E600B3DA7A /* Assets.xcassets in Resources */,
				9B12CEBE2DEA610300DBB816 /* Info 2.plist in Resources */,
				9B5A937A2DE678C000B3DA7A /* Preview Assets.xcassets in Resources */,
				9B12CEC42DEB07C900DBB816 /* DreamStoreKit.storekit in Resources */,
			);
			runOnlyForDeploymentPostprocessing = 0;
		};
/* End PBXResourcesBuildPhase section */

/* Begin PBXSourcesBuildPhase section */
		1A1A1A1A1A1A1A1A1A1A1A25 /* Sources */ = {
			isa = PBXSourcesBuildPhase;
			buildActionMask = 2147483647;
			files = (
				9B1445D22DE7383E00AFEE4F /* DreamDetailView.swift in Sources */,
				9B5A93782DE678B400B3DA7A /* PersistenceController.swift in Sources */,
				9B5A93822DE678DA00B3DA7A /* DreamCard.swift in Sources */,
				9B5A93832DE678E100B3DA7A /* SettingsView.swift in Sources */,
				9B12CEA92DEA58CE00DBB816 /* ChatView 2.swift in Sources */,
				9B5A93842DE678E100B3DA7A /* AIDreamApp.swift in Sources */,
				9B12CEC02DEA626700DBB816 /* StringArrayTransformer.swift in Sources */,
				9B4085752DEF8E25006CE9F2 /* FaceIDToggle.swift in Sources */,
				9B12CEB52DEA5AC000DBB816 /* AppSettings.swift in Sources */,
				9B12CEB62DEA5AC000DBB816 /* Constants.swift in Sources */,
				9B12CEB72DEA5AC000DBB816 /* Localization.swift in Sources */,
				9B12CEB82DEA5AC000DBB816 /* Utilities.swift in Sources */,
				9B1445CF2DE7351F00AFEE4F /* DreamEx.swift in Sources */,
				9B5A93852DE678E100B3DA7A /* DreamInterpretationView.swift in Sources */,
				9B5A93862DE678E100B3DA7A /* DreamCreationView.swift in Sources */,
				9B12CEAF2DEA5A3100DBB816 /* Message.swift in Sources */,
				9B5A93872DE678E100B3DA7A /* CommonModifiers.swift in Sources */,
				9B4085712DEF3ED0006CE9F2 /* ProfileView.swift in Sources */,
				9B3C54C22DEB243A00D20A6E /* UserProfile.swift in Sources */,
				9B12CEC22DEB073600DBB816 /* SubscriptionView.swift in Sources */,
				9B5A937F2DE678CB00B3DA7A /* Colors.swift in Sources */,
				9B5A937B2DE678C600B3DA7A /* OpenAIService.swift in Sources */,
				9B12CEAD2DEA593E00DBB816 /* ChatViewModel.swift in Sources */,
				9B3C54CA2DEBA0B500D20A6E /* DreamInterpretation1.swift in Sources */,
				9B3C54C02DEB23DA00D20A6E /* OnboardingView.swift in Sources */,
				9B5A937C2DE678C600B3DA7A /* SuperwallService.swift in Sources */,
				9B1445D52DE7384A00AFEE4F /* AuthView.swift in Sources */,
				9B5A937D2DE678C600B3DA7A /* SubscriptionManager.swift in Sources */,
				9B3C54C82DEB480500D20A6E /* DreamListView.swift in Sources */,
				9B3C54C62DEB40DC00D20A6E /* AuthView 2.swift in Sources */,
				9B5A93802DE678D500B3DA7A /* DreamListViewModel.swift in Sources */,
				9B5A938A2DE678E600B3DA7A /* ContentView.swift in Sources */,
				9B5A938B2DE678E600B3DA7A /* Persistence.swift in Sources */,
				9B5A93812DE678D500B3DA7A /* DreamCreationViewModel.swift in Sources */,
				9B5A937E2DE678C600B3DA7A /* SupabaseService.swift in Sources */,
				9B40856F2DEF2637006CE9F2 /* DreamInterpretation.swift in Sources */,
				1A1A1A1A1A1A1A1A1A1A1A1C /* ContentView.swift in Sources */,
				1A1A1A1A1A1A1A1A1A1A1A1A /* AIDreamApp.swift in Sources */,
				9B5A93792DE678BB00B3DA7A /* AIDream.xcdatamodeld in Sources */,
			);
			runOnlyForDeploymentPostprocessing = 0;
		};
/* End PBXSourcesBuildPhase section */

/* Begin XCBuildConfiguration section */
		1A1A1A1A1A1A1A1A1A1A1A2B /* Debug */ = {
			isa = XCBuildConfiguration;
			buildSettings = {
				ALWAYS_SEARCH_USER_PATHS = NO;
				ASSETCATALOG_COMPILER_GENERATE_SWIFT_ASSET_SYMBOL_EXTENSIONS = YES;
				CLANG_ANALYZER_NONNULL = YES;
				CLANG_ANALYZER_NUMBER_OBJECT_CONVERSION = YES_AGGRESSIVE;
				CLANG_CXX_LANGUAGE_STANDARD = "gnu++20";
				CLANG_ENABLE_MODULES = YES;
				CLANG_ENABLE_OBJC_ARC = YES;
				CLANG_ENABLE_OBJC_WEAK = YES;
				CLANG_WARN_BLOCK_CAPTURE_AUTORELEASING = YES;
				CLANG_WARN_BOOL_CONVERSION = YES;
				CLANG_WARN_COMMA = YES;
				CLANG_WARN_CONSTANT_CONVERSION = YES;
				CLANG_WARN_DEPRECATED_OBJC_IMPLEMENTATIONS = YES;
				CLANG_WARN_DIRECT_OBJC_ISA_USAGE = YES_ERROR;
				CLANG_WARN_DOCUMENTATION_COMMENTS = YES;
				CLANG_WARN_EMPTY_BODY = YES;
				CLANG_WARN_ENUM_CONVERSION = YES;
				CLANG_WARN_INFINITE_RECURSION = YES;
				CLANG_WARN_INT_CONVERSION = YES;
				CLANG_WARN_NON_LITERAL_NULL_CONVERSION = YES;
				CLANG_WARN_OBJC_IMPLICIT_RETAIN_SELF = YES;
				CLANG_WARN_OBJC_LITERAL_CONVERSION = YES;
				CLANG_WARN_OBJC_ROOT_CLASS = YES_ERROR;
				CLANG_WARN_QUOTED_INCLUDE_IN_FRAMEWORK_HEADER = YES;
				CLANG_WARN_RANGE_LOOP_ANALYSIS = YES;
				CLANG_WARN_STRICT_PROTOTYPES = YES;
				CLANG_WARN_SUSPICIOUS_MOVE = YES;
				CLANG_WARN_UNGUARDED_AVAILABILITY = YES_AGGRESSIVE;
				CLANG_WARN_UNREACHABLE_CODE = YES;
				CLANG_WARN__DUPLICATE_METHOD_MATCH = YES;
				COPY_PHASE_STRIP = NO;
				DEBUG_INFORMATION_FORMAT = dwarf;
				ENABLE_STRICT_OBJC_MSGSEND = YES;
				ENABLE_TESTABILITY = YES;
				ENABLE_USER_SCRIPT_SANDBOXING = YES;
				GCC_C_LANGUAGE_STANDARD = gnu17;
				GCC_DYNAMIC_NO_PIC = NO;
				GCC_NO_COMMON_BLOCKS = YES;
				GCC_OPTIMIZATION_LEVEL = 0;
				GCC_PREPROCESSOR_DEFINITIONS = (
					"DEBUG=1",
					"$(inherited)",
				);
				GCC_WARN_64_TO_32_BIT_CONVERSION = YES;
				GCC_WARN_ABOUT_RETURN_TYPE = YES_ERROR;
				GCC_WARN_UNDECLARED_SELECTOR = YES;
				GCC_WARN_UNINITIALIZED_AUTOS = YES_AGGRESSIVE;
				GCC_WARN_UNUSED_FUNCTION = YES;
				GCC_WARN_UNUSED_VARIABLE = YES;
				IPHONEOS_DEPLOYMENT_TARGET = 17.0;
				LOCALIZATION_PREFERS_STRING_CATALOGS = YES;
				MTL_ENABLE_DEBUG_INFO = INCLUDE_SOURCE;
				MTL_FAST_MATH = YES;
				ONLY_ACTIVE_ARCH = YES;
				SDKROOT = iphoneos;
				SWIFT_ACTIVE_COMPILATION_CONDITIONS = "DEBUG $(inherited)";
				SWIFT_OPTIMIZATION_LEVEL = "-Onone";
			};
			name = Debug;
		};
		1A1A1A1A1A1A1A1A1A1A1A2C /* Release */ = {
			isa = XCBuildConfiguration;
			buildSettings = {
				ALWAYS_SEARCH_USER_PATHS = NO;
				ASSETCATALOG_COMPILER_GENERATE_SWIFT_ASSET_SYMBOL_EXTENSIONS = YES;
				CLANG_ANALYZER_NONNULL = YES;
				CLANG_ANALYZER_NUMBER_OBJECT_CONVERSION = YES_AGGRESSIVE;
				CLANG_CXX_LANGUAGE_STANDARD = "gnu++20";
				CLANG_ENABLE_MODULES = YES;
				CLANG_ENABLE_OBJC_ARC = YES;
				CLANG_ENABLE_OBJC_WEAK = YES;
				CLANG_WARN_BLOCK_CAPTURE_AUTORELEASING = YES;
				CLANG_WARN_BOOL_CONVERSION = YES;
				CLANG_WARN_COMMA = YES;
				CLANG_WARN_CONSTANT_CONVERSION = YES;
				CLANG_WARN_DEPRECATED_OBJC_IMPLEMENTATIONS = YES;
				CLANG_WARN_DIRECT_OBJC_ISA_USAGE = YES_ERROR;
				CLANG_WARN_DOCUMENTATION_COMMENTS = YES;
				CLANG_WARN_EMPTY_BODY = YES;
				CLANG_WARN_ENUM_CONVERSION = YES;
				CLANG_WARN_INFINITE_RECURSION = YES;
				CLANG_WARN_INT_CONVERSION = YES;
				CLANG_WARN_NON_LITERAL_NULL_CONVERSION = YES;
				CLANG_WARN_OBJC_IMPLICIT_RETAIN_SELF = YES;
				CLANG_WARN_OBJC_LITERAL_CONVERSION = YES;
				CLANG_WARN_OBJC_ROOT_CLASS = YES_ERROR;
				CLANG_WARN_QUOTED_INCLUDE_IN_FRAMEWORK_HEADER = YES;
				CLANG_WARN_RANGE_LOOP_ANALYSIS = YES;
				CLANG_WARN_STRICT_PROTOTYPES = YES;
				CLANG_WARN_SUSPICIOUS_MOVE = YES;
				CLANG_WARN_UNGUARDED_AVAILABILITY = YES_AGGRESSIVE;
				CLANG_WARN_UNREACHABLE_CODE = YES;
				CLANG_WARN__DUPLICATE_METHOD_MATCH = YES;
				COPY_PHASE_STRIP = NO;
				DEBUG_INFORMATION_FORMAT = "dwarf-with-dsym";
				ENABLE_NS_ASSERTIONS = NO;
				ENABLE_STRICT_OBJC_MSGSEND = YES;
				ENABLE_USER_SCRIPT_SANDBOXING = YES;
				GCC_C_LANGUAGE_STANDARD = gnu17;
				GCC_NO_COMMON_BLOCKS = YES;
				GCC_WARN_64_TO_32_BIT_CONVERSION = YES;
				GCC_WARN_ABOUT_RETURN_TYPE = YES_ERROR;
				GCC_WARN_UNDECLARED_SELECTOR = YES;
				GCC_WARN_UNINITIALIZED_AUTOS = YES_AGGRESSIVE;
				GCC_WARN_UNUSED_FUNCTION = YES;
				GCC_WARN_UNUSED_VARIABLE = YES;
				IPHONEOS_DEPLOYMENT_TARGET = 17.0;
				LOCALIZATION_PREFERS_STRING_CATALOGS = YES;
				MTL_ENABLE_DEBUG_INFO = NO;
				MTL_FAST_MATH = YES;
				SDKROOT = iphoneos;
				SWIFT_COMPILATION_MODE = wholemodule;
				VALIDATE_PRODUCT = YES;
			};
			name = Release;
		};
		1A1A1A1A1A1A1A1A1A1A1A2D /* Debug */ = {
			isa = XCBuildConfiguration;
			buildSettings = {
				ASSETCATALOG_COMPILER_APPICON_NAME = AppIcon;
				ASSETCATALOG_COMPILER_GLOBAL_ACCENT_COLOR_NAME = AccentColor;
				CODE_SIGN_STYLE = Automatic;
				CURRENT_PROJECT_VERSION = 1;
				DEVELOPMENT_ASSET_PATHS = "\"AIDream/Preview Content\"";
				DEVELOPMENT_TEAM = MR7M585QP8;
				ENABLE_PREVIEWS = YES;
				GENERATE_INFOPLIST_FILE = NO;
				INFOPLIST_FILE = "Info 2.plist";
				INFOPLIST_KEY_UIApplicationSceneManifest_Generation = YES;
				INFOPLIST_KEY_UIApplicationSupportsIndirectInputEvents = YES;
				INFOPLIST_KEY_UILaunchScreen_Generation = YES;
				INFOPLIST_KEY_UISupportedInterfaceOrientations_iPad = "UIInterfaceOrientationPortrait UIInterfaceOrientationPortraitUpsideDown UIInterfaceOrientationLandscapeLeft UIInterfaceOrientationLandscapeRight";
				INFOPLIST_KEY_UISupportedInterfaceOrientations_iPhone = "UIInterfaceOrientationPortrait UIInterfaceOrientationLandscapeLeft UIInterfaceOrientationLandscapeRight";
				LD_RUNPATH_SEARCH_PATHS = (
					"$(inherited)",
					"@executable_path/Frameworks",
				);
				MARKETING_VERSION = 1.0;
				PRODUCT_BUNDLE_IDENTIFIER = com.example.AIDream;
				PRODUCT_NAME = "$(TARGET_NAME)";
				SWIFT_EMIT_LOC_STRINGS = YES;
				SWIFT_VERSION = 5.0;
				TARGETED_DEVICE_FAMILY = "1,2";
			};
			name = Debug;
		};
		1A1A1A1A1A1A1A1A1A1A1A2E /* Release */ = {
			isa = XCBuildConfiguration;
			buildSettings = {
				ASSETCATALOG_COMPILER_APPICON_NAME = AppIcon;
				ASSETCATALOG_COMPILER_GLOBAL_ACCENT_COLOR_NAME = AccentColor;
				CODE_SIGN_STYLE = Automatic;
				CURRENT_PROJECT_VERSION = 1;
				DEVELOPMENT_ASSET_PATHS = "\"AIDream/Preview Content\"";
				DEVELOPMENT_TEAM = MR7M585QP8;
				ENABLE_PREVIEWS = YES;
				GENERATE_INFOPLIST_FILE = NO;
				INFOPLIST_FILE = "Info 2.plist";
				INFOPLIST_KEY_UIApplicationSceneManifest_Generation = YES;
				INFOPLIST_KEY_UIApplicationSupportsIndirectInputEvents = YES;
				INFOPLIST_KEY_UILaunchScreen_Generation = YES;
				INFOPLIST_KEY_UISupportedInterfaceOrientations_iPad = "UIInterfaceOrientationPortrait UIInterfaceOrientationPortraitUpsideDown UIInterfaceOrientationLandscapeLeft UIInterfaceOrientationLandscapeRight";
				INFOPLIST_KEY_UISupportedInterfaceOrientations_iPhone = "UIInterfaceOrientationPortrait UIInterfaceOrientationLandscapeLeft UIInterfaceOrientationLandscapeRight";
				LD_RUNPATH_SEARCH_PATHS = (
					"$(inherited)",
					"@executable_path/Frameworks",
				);
				MARKETING_VERSION = 1.0;
				PRODUCT_BUNDLE_IDENTIFIER = com.example.AIDream;
				PRODUCT_NAME = "$(TARGET_NAME)";
				SWIFT_EMIT_LOC_STRINGS = YES;
				SWIFT_VERSION = 5.0;
				TARGETED_DEVICE_FAMILY = "1,2";
			};
			name = Release;
		};
/* End XCBuildConfiguration section */

/* Begin XCConfigurationList section */
		1A1A1A1A1A1A1A1A1A1A1A24 /* Build configuration list for PBXNativeTarget "AIDream" */ = {
			isa = XCConfigurationList;
			buildConfigurations = (
				1A1A1A1A1A1A1A1A1A1A1A2D /* Debug */,
				1A1A1A1A1A1A1A1A1A1A1A2E /* Release */,
			);
			defaultConfigurationIsVisible = 0;
			defaultConfigurationName = Release;
		};
		1A1A1A1A1A1A1A1A1A1A1A28 /* Build configuration list for PBXProject "AIDream" */ = {
			isa = XCConfigurationList;
			buildConfigurations = (
				1A1A1A1A1A1A1A1A1A1A1A2B /* Debug */,
				1A1A1A1A1A1A1A1A1A1A1A2C /* Release */,
			);
			defaultConfigurationIsVisible = 0;
			defaultConfigurationName = Release;
		};
/* End XCConfigurationList section */

/* Begin XCRemoteSwiftPackageReference section */
		1A1A1A1A1A1A1A1A1A1A1A2A /* XCRemoteSwiftPackageReference "Superwall-iOS" */ = {
			isa = XCRemoteSwiftPackageReference;
			repositoryURL = "https://github.com/superwall-me/Superwall-iOS.git";
			requirement = {
				kind = upToNextMajorVersion;
				minimumVersion = 4.0.0;
			};
		};
		9B4085762DEFACCD006CE9F2 /* XCRemoteSwiftPackageReference "GoogleSignIn-iOS" */ = {
			isa = XCRemoteSwiftPackageReference;
			repositoryURL = "https://github.com/google/GoogleSignIn-iOS";
			requirement = {
				kind = upToNextMajorVersion;
				minimumVersion = 8.0.0;
			};
		};
		9B5A938E2DE67D9400B3DA7A /* XCRemoteSwiftPackageReference "Superwall-iOS" */ = {
			isa = XCRemoteSwiftPackageReference;
			repositoryURL = "https://github.com/superwall-me/Superwall-iOS.git";
			requirement = {
				kind = upToNextMajorVersion;
				minimumVersion = 4.4.1;
			};
		};
		9B5A93912DE67E2A00B3DA7A /* XCRemoteSwiftPackageReference "supabase-swift" */ = {
			isa = XCRemoteSwiftPackageReference;
			repositoryURL = "https://github.com/supabase-community/supabase-swift.git";
			requirement = {
				kind = upToNextMajorVersion;
				minimumVersion = 2.5.1;
			};
		};
/* End XCRemoteSwiftPackageReference section */

/* Begin XCSwiftPackageProductDependency section */
		9B4085772DEFACCD006CE9F2 /* GoogleSignIn */ = {
			isa = XCSwiftPackageProductDependency;
			package = 9B4085762DEFACCD006CE9F2 /* XCRemoteSwiftPackageReference "GoogleSignIn-iOS" */;
			productName = GoogleSignIn;
		};
		9B4085792DEFACCD006CE9F2 /* GoogleSignInSwift */ = {
			isa = XCSwiftPackageProductDependency;
			package = 9B4085762DEFACCD006CE9F2 /* XCRemoteSwiftPackageReference "GoogleSignIn-iOS" */;
			productName = GoogleSignInSwift;
		};
		9B5A938C2DE67D5B00B3DA7A /* SuperwallKit */ = {
			isa = XCSwiftPackageProductDependency;
			package = 1A1A1A1A1A1A1A1A1A1A1A2A /* XCRemoteSwiftPackageReference "Superwall-iOS" */;
			productName = SuperwallKit;
		};
		9B5A938F2DE67D9400B3DA7A /* SuperwallKit */ = {
			isa = XCSwiftPackageProductDependency;
			package = 9B5A938E2DE67D9400B3DA7A /* XCRemoteSwiftPackageReference "Superwall-iOS" */;
			productName = SuperwallKit;
		};
		9B5A93922DE67E2A00B3DA7A /* Auth */ = {
			isa = XCSwiftPackageProductDependency;
			package = 9B5A93912DE67E2A00B3DA7A /* XCRemoteSwiftPackageReference "supabase-swift" */;
			productName = Auth;
		};
		9B5A93942DE67E2A00B3DA7A /* Functions */ = {
			isa = XCSwiftPackageProductDependency;
			package = 9B5A93912DE67E2A00B3DA7A /* XCRemoteSwiftPackageReference "supabase-swift" */;
			productName = Functions;
		};
		9B5A93962DE67E2A00B3DA7A /* PostgREST */ = {
			isa = XCSwiftPackageProductDependency;
			package = 9B5A93912DE67E2A00B3DA7A /* XCRemoteSwiftPackageReference "supabase-swift" */;
			productName = PostgREST;
		};
		9B5A93982DE67E2A00B3DA7A /* Realtime */ = {
			isa = XCSwiftPackageProductDependency;
			package = 9B5A93912DE67E2A00B3DA7A /* XCRemoteSwiftPackageReference "supabase-swift" */;
			productName = Realtime;
		};
		9B5A939A2DE67E2A00B3DA7A /* Storage */ = {
			isa = XCSwiftPackageProductDependency;
			package = 9B5A93912DE67E2A00B3DA7A /* XCRemoteSwiftPackageReference "supabase-swift" */;
			productName = Storage;
		};
		9B5A939D2DE67F0000B3DA7A /* Supabase */ = {
			isa = XCSwiftPackageProductDependency;
			package = 9B5A93912DE67E2A00B3DA7A /* XCRemoteSwiftPackageReference "supabase-swift" */;
			productName = Supabase;
		};
/* End XCSwiftPackageProductDependency section */

/* Begin XCVersionGroup section */
		9B5A935B2DE6789A00B3DA7A /* AIDream.xcdatamodeld */ = {
			isa = XCVersionGroup;
			children = (
				9B5A93772DE6789A00B3DA7A /* AIDream.xcdatamodel */,
			);
			currentVersion = 9B5A93772DE6789A00B3DA7A /* AIDream.xcdatamodel */;
			path = AIDream.xcdatamodeld;
			sourceTree = "<group>";
			versionGroupType = wrapper.xcdatamodel;
		};
/* End XCVersionGroup section */
	};
	rootObject = 1A1A1A1A1A1A1A1A1A1A1A27 /* Project object */;
}
